
Microsoft Visual Studio Solution File, Format Version 12.00
# Visual Studio Version 17
VisualStudioVersion = 17.7.34009.444
MinimumVisualStudioVersion = 10.0.40219.1
Project("{9A19103F-16F7-4668-BE54-9A1E7A4F7556}") = "CSharpBasic", "CSharpBasic.csproj", "{CDDC3CB3-B599-4D44-941E-ACF227E000CD}"
EndProject
Project("{FAE04EC0-301F-11D3-BF4B-00C04F79EFBC}") = "SampleRecord", "..\SampleRecord\SampleRecord.csproj", "{26DFB373-A67A-468E-BF07-B76469C41EB6}"
EndProject
Project("{FAE04EC0-301F-11D3-BF4B-00C04F79EFBC}") = "SampleAbstractClass", "..\SampleAbstractClass\SampleAbstractClass.csproj", "{84B1664C-FCAA-41A2-964D-2D37F01C3CAA}"
EndProject
Project("{FAE04EC0-301F-11D3-BF4B-00C04F79EFBC}") = "SampleStruct", "..\SampleStruct\SampleStruct.csproj", "{BD5D0C9B-09B3-4777-BBF5-6B4B9FABB72B}"
EndProject
Global
	GlobalSection(SolutionConfigurationPlatforms) = preSolution
		Debug|Any CPU = Debug|Any CPU
		Release|Any CPU = Release|Any CPU
	EndGlobalSection
	GlobalSection(ProjectConfigurationPlatforms) = postSolution
		{CDDC3CB3-B599-4D44-941E-ACF227E000CD}.Debug|Any CPU.ActiveCfg = Debug|Any CPU
		{CDDC3CB3-B599-4D44-941E-ACF227E000CD}.Debug|Any CPU.Build.0 = Debug|Any CPU
		{CDDC3CB3-B599-4D44-941E-ACF227E000CD}.Release|Any CPU.ActiveCfg = Release|Any CPU
		{CDDC3CB3-B599-4D44-941E-ACF227E000CD}.Release|Any CPU.Build.0 = Release|Any CPU
		{26DFB373-A67A-468E-BF07-B76469C41EB6}.Debug|Any CPU.ActiveCfg = Debug|Any CPU
		{26DFB373-A67A-468E-BF07-B76469C41EB6}.Debug|Any CPU.Build.0 = Debug|Any CPU
		{26DFB373-A67A-468E-BF07-B76469C41EB6}.Release|Any CPU.ActiveCfg = Release|Any CPU
		{26DFB373-A67A-468E-BF07-B76469C41EB6}.Release|Any CPU.Build.0 = Release|Any CPU
		{84B1664C-FCAA-41A2-964D-2D37F01C3CAA}.Debug|Any CPU.ActiveCfg = Debug|Any CPU
		{84B1664C-FCAA-41A2-964D-2D37F01C3CAA}.Debug|Any CPU.Build.0 = Debug|Any CPU
		{84B1664C-FCAA-41A2-964D-2D37F01C3CAA}.Release|Any CPU.ActiveCfg = Release|Any CPU
		{84B1664C-FCAA-41A2-964D-2D37F01C3CAA}.Release|Any CPU.Build.0 = Release|Any CPU
		{BD5D0C9B-09B3-4777-BBF5-6B4B9FABB72B}.Debug|Any CPU.ActiveCfg = Debug|Any CPU
		{BD5D0C9B-09B3-4777-BBF5-6B4B9FABB72B}.Debug|Any CPU.Build.0 = Debug|Any CPU
		{BD5D0C9B-09B3-4777-BBF5-6B4B9FABB72B}.Release|Any CPU.ActiveCfg = Release|Any CPU
		{BD5D0C9B-09B3-4777-BBF5-6B4B9FABB72B}.Release|Any CPU.Build.0 = Release|Any CPU
	EndGlobalSection
	GlobalSection(SolutionProperties) = preSolution
		HideSolutionNode = FALSE
	EndGlobalSection
	GlobalSection(ExtensibilityGlobals) = postSolution
		SolutionGuid = {A1DF9BA1-2696-4B6D-9553-D48A499A6B21}
	EndGlobalSection
EndGlobal
